
Microsoft Visual Studio Solution File, Format Version 12.00
# Visual Studio Version 17
VisualStudioVersion = 17.9.34701.34
MinimumVisualStudioVersion = 10.0.40219.1
Project("{2150E333-8FDC-42A3-9474-1A3956D46DE8}") = "1 - Desafio-BackEnd.WebAPP", "1 - Desafio-BackEnd.WebAPP", "{85C42082-46AF-4B4C-8725-A0856DA2D41E}"
EndProject
Project("{2150E333-8FDC-42A3-9474-1A3956D46DE8}") = "2 - Desafio-BackEnd.WebAPI", "2 - Desafio-BackEnd.WebAPI", "{86268C94-E730-468A-BEC9-6240B19EAE13}"
EndProject
Project("{2150E333-8FDC-42A3-9474-1A3956D46DE8}") = "3 - Desafio-BackEnd.Domain", "3 - Desafio-BackEnd.Domain", "{425843DA-EBB6-43CB-A4DC-9A63F1727983}"
EndProject
Project("{2150E333-8FDC-42A3-9474-1A3956D46DE8}") = "4 - Desafio-BackEnd.Infra", "4 - Desafio-BackEnd.Infra", "{69E3C833-3F21-4651-AC0F-99022A811818}"
EndProject
Project("{2150E333-8FDC-42A3-9474-1A3956D46DE8}") = "5 - Desafio-BackEnd.Tests", "5 - Desafio-BackEnd.Tests", "{A6F38AA1-A853-4062-A7BE-E828A181F7F6}"
EndProject
Project("{2150E333-8FDC-42A3-9474-1A3956D46DE8}") = "4.1 - Desafio-BackEnd.Infra.Data", "4.1 - Desafio-BackEnd.Infra.Data", "{C1C99B7E-3D5B-4DEE-95C9-7335F7C2F8A4}"
EndProject
Project("{2150E333-8FDC-42A3-9474-1A3956D46DE8}") = "4.2 - Desafio-BackEnd.Infra.CrossCutting", "4.2 - Desafio-BackEnd.Infra.CrossCutting", "{CA04DDEF-59EE-4901-8D08-A08E629BD4C5}"
EndProject
Project("{9A19103F-16F7-4668-BE54-9A1E7A4F7556}") = "Desafio-BackEnd.Domain.Core", "source\Components\Desafio-BackEnd.Domain.Core\Desafio-BackEnd.Domain.Core.csproj", "{7EC949E8-EE32-4F0B-815C-1DADA579FD82}"
EndProject
Project("{9A19103F-16F7-4668-BE54-9A1E7A4F7556}") = "Desafio-BackEnd.Infra.CrossCutting", "source\Components\Desafio-BackEnd.Infra.CrossCutting\Desafio-BackEnd.Infra.CrossCutting.csproj", "{7D4A38A9-0730-4B40-9FE0-64AFB4557516}"
EndProject
Project("{9A19103F-16F7-4668-BE54-9A1E7A4F7556}") = "Desafio-BackEnd.WebAPI", "source\WebAPI\Desafio-BackEnd.WebAPI\Desafio-BackEnd.WebAPI.csproj", "{99A6F918-AC69-45B1-A4F6-41A1EC45E901}"
EndProject
Project("{9A19103F-16F7-4668-BE54-9A1E7A4F7556}") = "Desafio-BackEnd.Domain", "source\Components\Desafio-BackEnd.Domain\Desafio-BackEnd.Domain.csproj", "{72A689B4-DC5F-4A49-A2EA-D64E3743FE46}"
EndProject
Project("{9A19103F-16F7-4668-BE54-9A1E7A4F7556}") = "Desafio-BackEnd.Infra.Data", "source\Components\Desafio-BackEnd.Infra.Data\Desafio-BackEnd.Infra.Data.csproj", "{20E63B03-B95D-45A0-BB96-6F29F44D3390}"
EndProject
Project("{9A19103F-16F7-4668-BE54-9A1E7A4F7556}") = "Desafio-BackEnd.WebAPP", "source\WebAPP\Desafio-BackEnd.WebAPP\Desafio-BackEnd.WebAPP.csproj", "{A7FED4BE-5157-4D10-8BCA-0B0759EA059B}"
EndProject
Global
	GlobalSection(SolutionConfigurationPlatforms) = preSolution
		Debug|Any CPU = Debug|Any CPU
		Release|Any CPU = Release|Any CPU
	EndGlobalSection
	GlobalSection(ProjectConfigurationPlatforms) = postSolution
		{7EC949E8-EE32-4F0B-815C-1DADA579FD82}.Debug|Any CPU.ActiveCfg = Debug|Any CPU
		{7EC949E8-EE32-4F0B-815C-1DADA579FD82}.Debug|Any CPU.Build.0 = Debug|Any CPU
		{7EC949E8-EE32-4F0B-815C-1DADA579FD82}.Release|Any CPU.ActiveCfg = Release|Any CPU
		{7EC949E8-EE32-4F0B-815C-1DADA579FD82}.Release|Any CPU.Build.0 = Release|Any CPU
		{7D4A38A9-0730-4B40-9FE0-64AFB4557516}.Debug|Any CPU.ActiveCfg = Debug|Any CPU
		{7D4A38A9-0730-4B40-9FE0-64AFB4557516}.Debug|Any CPU.Build.0 = Debug|Any CPU
		{7D4A38A9-0730-4B40-9FE0-64AFB4557516}.Release|Any CPU.ActiveCfg = Release|Any CPU
		{7D4A38A9-0730-4B40-9FE0-64AFB4557516}.Release|Any CPU.Build.0 = Release|Any CPU
		{99A6F918-AC69-45B1-A4F6-41A1EC45E901}.Debug|Any CPU.ActiveCfg = Debug|Any CPU
		{99A6F918-AC69-45B1-A4F6-41A1EC45E901}.Debug|Any CPU.Build.0 = Debug|Any CPU
		{99A6F918-AC69-45B1-A4F6-41A1EC45E901}.Release|Any CPU.ActiveCfg = Release|Any CPU
		{99A6F918-AC69-45B1-A4F6-41A1EC45E901}.Release|Any CPU.Build.0 = Release|Any CPU
		{72A689B4-DC5F-4A49-A2EA-D64E3743FE46}.Debug|Any CPU.ActiveCfg = Debug|Any CPU
		{72A689B4-DC5F-4A49-A2EA-D64E3743FE46}.Debug|Any CPU.Build.0 = Debug|Any CPU
		{72A689B4-DC5F-4A49-A2EA-D64E3743FE46}.Release|Any CPU.ActiveCfg = Release|Any CPU
		{72A689B4-DC5F-4A49-A2EA-D64E3743FE46}.Release|Any CPU.Build.0 = Release|Any CPU
		{20E63B03-B95D-45A0-BB96-6F29F44D3390}.Debug|Any CPU.ActiveCfg = Debug|Any CPU
		{20E63B03-B95D-45A0-BB96-6F29F44D3390}.Debug|Any CPU.Build.0 = Debug|Any CPU
		{20E63B03-B95D-45A0-BB96-6F29F44D3390}.Release|Any CPU.ActiveCfg = Release|Any CPU
		{20E63B03-B95D-45A0-BB96-6F29F44D3390}.Release|Any CPU.Build.0 = Release|Any CPU
		{A7FED4BE-5157-4D10-8BCA-0B0759EA059B}.Debug|Any CPU.ActiveCfg = Debug|Any CPU
		{A7FED4BE-5157-4D10-8BCA-0B0759EA059B}.Debug|Any CPU.Build.0 = Debug|Any CPU
		{A7FED4BE-5157-4D10-8BCA-0B0759EA059B}.Release|Any CPU.ActiveCfg = Release|Any CPU
		{A7FED4BE-5157-4D10-8BCA-0B0759EA059B}.Release|Any CPU.Build.0 = Release|Any CPU
	EndGlobalSection
	GlobalSection(SolutionProperties) = preSolution
		HideSolutionNode = FALSE
	EndGlobalSection
	GlobalSection(NestedProjects) = preSolution
		{C1C99B7E-3D5B-4DEE-95C9-7335F7C2F8A4} = {69E3C833-3F21-4651-AC0F-99022A811818}
		{CA04DDEF-59EE-4901-8D08-A08E629BD4C5} = {69E3C833-3F21-4651-AC0F-99022A811818}
		{7EC949E8-EE32-4F0B-815C-1DADA579FD82} = {425843DA-EBB6-43CB-A4DC-9A63F1727983}
		{7D4A38A9-0730-4B40-9FE0-64AFB4557516} = {CA04DDEF-59EE-4901-8D08-A08E629BD4C5}
		{99A6F918-AC69-45B1-A4F6-41A1EC45E901} = {86268C94-E730-468A-BEC9-6240B19EAE13}
		{72A689B4-DC5F-4A49-A2EA-D64E3743FE46} = {425843DA-EBB6-43CB-A4DC-9A63F1727983}
		{20E63B03-B95D-45A0-BB96-6F29F44D3390} = {C1C99B7E-3D5B-4DEE-95C9-7335F7C2F8A4}
		{A7FED4BE-5157-4D10-8BCA-0B0759EA059B} = {85C42082-46AF-4B4C-8725-A0856DA2D41E}
	EndGlobalSection
	GlobalSection(ExtensibilityGlobals) = postSolution
		SolutionGuid = {3260B070-FE76-4F52-9509-1704F08B705A}
	EndGlobalSection
EndGlobal
